
Microsoft Visual Studio Solution File, Format Version 12.00
# Visual Studio 15
VisualStudioVersion = 15.0.28307.168
MinimumVisualStudioVersion = 10.0.40219.1
Project("{FAE04EC0-301F-11D3-BF4B-00C04F79EFBC}") = "Mispruebas", "Mispruebas\Mispruebas.csproj", "{1C0F3E9C-B0B9-4B07-8030-7A2CFE694CE9}"
EndProject
Global
	GlobalSection(SolutionConfigurationPlatforms) = preSolution
		Debug|Any CPU = Debug|Any CPU
		Release|Any CPU = Release|Any CPU
	EndGlobalSection
	GlobalSection(ProjectConfigurationPlatforms) = postSolution
		{1C0F3E9C-B0B9-4B07-8030-7A2CFE694CE9}.Debug|Any CPU.ActiveCfg = Debug|Any CPU
		{1C0F3E9C-B0B9-4B07-8030-7A2CFE694CE9}.Debug|Any CPU.Build.0 = Debug|Any CPU
		{1C0F3E9C-B0B9-4B07-8030-7A2CFE694CE9}.Release|Any CPU.ActiveCfg = Release|Any CPU
		{1C0F3E9C-B0B9-4B07-8030-7A2CFE694CE9}.Release|Any CPU.Build.0 = Release|Any CPU
	EndGlobalSection
	GlobalSection(SolutionProperties) = preSolution
		HideSolutionNode = FALSE
	EndGlobalSection
	GlobalSection(ExtensibilityGlobals) = postSolution
		SolutionGuid = {35C59F01-231E-4774-BB3C-FB9F92982731}
	EndGlobalSection
EndGlobal
